
Microsoft Visual Studio Solution File, Format Version 12.00
# Visual Studio Version 17
VisualStudioVersion = 17.14.36623.8 d17.14
MinimumVisualStudioVersion = 10.0.40219.1
Project("{54A90642-561A-4BB1-A94E-469ADEE60C69}") = "yazlab3.client", "yazlab3.client\yazlab3.client.esproj", "{FAC41166-4BE6-C554-D37F-1D77D5D3D8F3}"
EndProject
Project("{FAE04EC0-301F-11D3-BF4B-00C04F79EFBC}") = "Yazlab3.Server", "Yazlab3.Server\Yazlab3.Server.csproj", "{4036211D-A69D-41AB-BA31-8D223CE7A380}"
EndProject
Global
	GlobalSection(SolutionConfigurationPlatforms) = preSolution
		Debug|Any CPU = Debug|Any CPU
		Release|Any CPU = Release|Any CPU
	EndGlobalSection
	GlobalSection(ProjectConfigurationPlatforms) = postSolution
		{FAC41166-4BE6-C554-D37F-1D77D5D3D8F3}.Debug|Any CPU.ActiveCfg = Debug|Any CPU
		{FAC41166-4BE6-C554-D37F-1D77D5D3D8F3}.Debug|Any CPU.Build.0 = Debug|Any CPU
		{FAC41166-4BE6-C554-D37F-1D77D5D3D8F3}.Debug|Any CPU.Deploy.0 = Debug|Any CPU
		{FAC41166-4BE6-C554-D37F-1D77D5D3D8F3}.Release|Any CPU.ActiveCfg = Release|Any CPU
		{FAC41166-4BE6-C554-D37F-1D77D5D3D8F3}.Release|Any CPU.Build.0 = Release|Any CPU
		{FAC41166-4BE6-C554-D37F-1D77D5D3D8F3}.Release|Any CPU.Deploy.0 = Release|Any CPU
		{4036211D-A69D-41AB-BA31-8D223CE7A380}.Debug|Any CPU.ActiveCfg = Debug|Any CPU
		{4036211D-A69D-41AB-BA31-8D223CE7A380}.Debug|Any CPU.Build.0 = Debug|Any CPU
		{4036211D-A69D-41AB-BA31-8D223CE7A380}.Release|Any CPU.ActiveCfg = Release|Any CPU
		{4036211D-A69D-41AB-BA31-8D223CE7A380}.Release|Any CPU.Build.0 = Release|Any CPU
	EndGlobalSection
	GlobalSection(SolutionProperties) = preSolution
		HideSolutionNode = FALSE
	EndGlobalSection
	GlobalSection(ExtensibilityGlobals) = postSolution
		SolutionGuid = {4700B4B9-BC1F-4155-83A4-EDAD736DA52C}
	EndGlobalSection
EndGlobal
